Microsoft Visual Studio Solution File, Format Version 12.00
# 17
VisualStudioVersion = 17.11.35327.3
MinimumVisualStudioVersion = 10.0.40219.1
Project("{2150E333-8FDC-42A3-9474-1A3956D46DE8}") = "tuya", "tuya", "{50CA0BCD-C143-46EF-81E2-95DCB8392A85}"
EndProject
Project("{2150E333-8FDC-42A3-9474-1A3956D46DE8}") = "extensions", "extensions", "{1C99B5F3-8648-49CC-B3C6-881CCC226DB0}"
EndProject
Project("{11A8DD76-328B-46DF-9F39-F559912D0360}") = "nano.String", "src\nano.String\nano.String.nfproj", "{A23D8873-CE95-439B-A5EC-5D5976C4D30D}"
EndProject
Project("{11A8DD76-328B-46DF-9F39-F559912D0360}") = "nano.SmartEnum", "src\nano.SmartEnum\nano.SmartEnum.nfproj", "{8DF82449-573D-4CD2-A9C0-4210D30D1559}"
EndProject
Project("{11A8DD76-328B-46DF-9F39-F559912D0360}") = "nano.SmartEnum.Tests", "src\nano.SmartEnum.Tests\nano.SmartEnum.Tests.nfproj", "{1B5CEBE1-D292-404C-98A1-8879D9FFC3D9}"
EndProject
Project("{2150E333-8FDC-42A3-9474-1A3956D46DE8}") = "Solution Items", "Solution Items", "{D8A143F5-F9CD-49C9-84E8-7C8A14D3D903}"
	ProjectSection(SolutionItems) = preProject
		.runsettings = .runsettings
		Directory.Build.props = Directory.Build.props
		nano.TuyaLink.targets = nano.TuyaLink.targets
	EndProjectSection
EndProject
Project("{2150E333-8FDC-42A3-9474-1A3956D46DE8}") = "tools", "tools", "{441EF515-F0A9-4446-BCCC-77FC08A097B6}"
EndProject
Project("{11A8DD76-328B-46DF-9F39-F559912D0360}") = "TestsExecutor", "tests\TestsExecutor\TestsExecutor.nfproj", "{F1A8671C-D17B-450E-B600-43FFA9E1A2C7}"
EndProject
Project("{11A8DD76-328B-46DF-9F39-F559912D0360}") = "nano.String.Tests", "src\nano.String.Tests\nano.String.Tests.nfproj", "{D670A16C-1F21-4B9D-B38B-1B6969B467D9}"
EndProject
Project("{11A8DD76-328B-46DF-9F39-F559912D0360}") = "nano.Collections.Tests", "src\nano.Collections.Tests\nano.Collections.Tests.nfproj", "{F54B0C21-EB18-454A-AFA3-BB9D21DE991C}"
EndProject
Project("{11A8DD76-328B-46DF-9F39-F559912D0360}") = "nano.Asserts", "src\nano.Asserts\nano.Asserts.nfproj", "{D2740EDF-A526-48D7-8D44-5F6D3D52B536}"
EndProject
Project("{2150E333-8FDC-42A3-9474-1A3956D46DE8}") = "examples", "examples", "{A9240A14-076D-445E-BE6C-BC628B1EE20D}"
EndProject
Project("{11A8DD76-328B-46DF-9F39-F559912D0360}") = "SampleProject", "examples\SampleProject\SampleProject.nfproj", "{3CFCB671-4E06-4352-89CA-6BEB78332980}"
EndProject
Project("{11A8DD76-328B-46DF-9F39-F559912D0360}") = "nano.TuyaLink.Firmware.Abstractions", "src\nano.TuyaLink.Firmware.Abstractions\nano.TuyaLink.Firmware.Abstractions.nfproj", "{57A54DCD-8783-416A-B0D6-5E1D6913891C}"
EndProject
Project("{11A8DD76-328B-46DF-9F39-F559912D0360}") = "nano.TuyaLink.Bootloader", "src\nano.TuyaLink.Bootloader\nano.TuyaLink.Bootloader.nfproj", "{5DBA44FB-54CA-4749-8E75-52FC1E945830}"
EndProject
Project("{2150E333-8FDC-42A3-9474-1A3956D46DE8}") = "runtime", "runtime", "{051AE0B3-8B2C-4A20-98C0-64D6D5A1678D}"
EndProject
Project("{11A8DD76-328B-46DF-9F39-F559912D0360}") = "nano.System.Compression", "src\runtime\nano.System.Compression\nano.System.Compression.nfproj", "{1BC12E62-30FD-4B00-A392-8D35C684E2BB}"
EndProject
Project("{11A8DD76-328B-46DF-9F39-F559912D0360}") = "nano.System.Compression.Zip", "src\runtime\nano.System.Compression.Zip\nano.System.Compression.Zip.nfproj", "{BFDBAFF3-4B09-4620-A63F-848D87E52EBB}"
EndProject
Project("{11A8DD76-328B-46DF-9F39-F559912D0360}") = "nano.TuyaLink.Net", "src\TuyaLink.Net\nano.TuyaLink.Net.nfproj", "{57923539-3EFC-4F5C-A87F-F054CEE3389A}"
EndProject
Project("{11A8DD76-328B-46DF-9F39-F559912D0360}") = "nano.TuyaLink.Net.Tests", "src\TuyaLink.Net.Tests\nano.TuyaLink.Net.Tests.nfproj", "{5BCC971E-29CF-4D60-95A3-DDBBB1DE6EAC}"
EndProject
Project("{11A8DD76-328B-46DF-9F39-F559912D0360}") = "nano.Collections", "src\nano.Collections\nano.Collections.nfproj", "{C087127D-9D06-4645-A4D7-5D0A018D01D8}"
EndProject
Global
	GlobalSection(SolutionConfigurationPlatforms) = preSolution
		Debug|Any CPU = Debug|Any CPU
		Release|Any CPU = Release|Any CPU
	EndGlobalSection
	GlobalSection(ProjectConfigurationPlatforms) = postSolution
		{A23D8873-CE95-439B-A5EC-5D5976C4D30D}.Debug|Any CPU.ActiveCfg = Debug|Any CPU
		{A23D8873-CE95-439B-A5EC-5D5976C4D30D}.Debug|Any CPU.Build.0 = Debug|Any CPU
		{A23D8873-CE95-439B-A5EC-5D5976C4D30D}.Debug|Any CPU.Deploy.0 = Debug|Any CPU
		{A23D8873-CE95-439B-A5EC-5D5976C4D30D}.Release|Any CPU.ActiveCfg = Release|Any CPU
		{A23D8873-CE95-439B-A5EC-5D5976C4D30D}.Release|Any CPU.Build.0 = Release|Any CPU
		{A23D8873-CE95-439B-A5EC-5D5976C4D30D}.Release|Any CPU.Deploy.0 = Release|Any CPU
		{8DF82449-573D-4CD2-A9C0-4210D30D1559}.Debug|Any CPU.ActiveCfg = Debug|Any CPU
		{8DF82449-573D-4CD2-A9C0-4210D30D1559}.Debug|Any CPU.Build.0 = Debug|Any CPU
		{8DF82449-573D-4CD2-A9C0-4210D30D1559}.Debug|Any CPU.Deploy.0 = Debug|Any CPU
		{8DF82449-573D-4CD2-A9C0-4210D30D1559}.Release|Any CPU.ActiveCfg = Release|Any CPU
		{8DF82449-573D-4CD2-A9C0-4210D30D1559}.Release|Any CPU.Build.0 = Release|Any CPU
		{8DF82449-573D-4CD2-A9C0-4210D30D1559}.Release|Any CPU.Deploy.0 = Release|Any CPU
		{1B5CEBE1-D292-404C-98A1-8879D9FFC3D9}.Debug|Any CPU.ActiveCfg = Debug|Any CPU
		{1B5CEBE1-D292-404C-98A1-8879D9FFC3D9}.Debug|Any CPU.Build.0 = Debug|Any CPU
		{1B5CEBE1-D292-404C-98A1-8879D9FFC3D9}.Debug|Any CPU.Deploy.0 = Debug|Any CPU
		{1B5CEBE1-D292-404C-98A1-8879D9FFC3D9}.Release|Any CPU.ActiveCfg = Release|Any CPU
		{1B5CEBE1-D292-404C-98A1-8879D9FFC3D9}.Release|Any CPU.Build.0 = Release|Any CPU
		{1B5CEBE1-D292-404C-98A1-8879D9FFC3D9}.Release|Any CPU.Deploy.0 = Release|Any CPU
		{F1A8671C-D17B-450E-B600-43FFA9E1A2C7}.Debug|Any CPU.ActiveCfg = Debug|Any CPU
		{F1A8671C-D17B-450E-B600-43FFA9E1A2C7}.Debug|Any CPU.Build.0 = Debug|Any CPU
		{F1A8671C-D17B-450E-B600-43FFA9E1A2C7}.Debug|Any CPU.Deploy.0 = Debug|Any CPU
		{F1A8671C-D17B-450E-B600-43FFA9E1A2C7}.Release|Any CPU.ActiveCfg = Release|Any CPU
		{F1A8671C-D17B-450E-B600-43FFA9E1A2C7}.Release|Any CPU.Build.0 = Release|Any CPU
		{F1A8671C-D17B-450E-B600-43FFA9E1A2C7}.Release|Any CPU.Deploy.0 = Release|Any CPU
		{D670A16C-1F21-4B9D-B38B-1B6969B467D9}.Debug|Any CPU.ActiveCfg = Debug|Any CPU
		{D670A16C-1F21-4B9D-B38B-1B6969B467D9}.Debug|Any CPU.Build.0 = Debug|Any CPU
		{D670A16C-1F21-4B9D-B38B-1B6969B467D9}.Debug|Any CPU.Deploy.0 = Debug|Any CPU
		{D670A16C-1F21-4B9D-B38B-1B6969B467D9}.Release|Any CPU.ActiveCfg = Release|Any CPU
		{D670A16C-1F21-4B9D-B38B-1B6969B467D9}.Release|Any CPU.Build.0 = Release|Any CPU
		{D670A16C-1F21-4B9D-B38B-1B6969B467D9}.Release|Any CPU.Deploy.0 = Release|Any CPU
		{F54B0C21-EB18-454A-AFA3-BB9D21DE991C}.Debug|Any CPU.ActiveCfg = Debug|Any CPU
		{F54B0C21-EB18-454A-AFA3-BB9D21DE991C}.Debug|Any CPU.Build.0 = Debug|Any CPU
		{F54B0C21-EB18-454A-AFA3-BB9D21DE991C}.Debug|Any CPU.Deploy.0 = Debug|Any CPU
		{F54B0C21-EB18-454A-AFA3-BB9D21DE991C}.Release|Any CPU.ActiveCfg = Release|Any CPU
		{F54B0C21-EB18-454A-AFA3-BB9D21DE991C}.Release|Any CPU.Build.0 = Release|Any CPU
		{F54B0C21-EB18-454A-AFA3-BB9D21DE991C}.Release|Any CPU.Deploy.0 = Release|Any CPU
		{D2740EDF-A526-48D7-8D44-5F6D3D52B536}.Debug|Any CPU.ActiveCfg = Debug|Any CPU
		{D2740EDF-A526-48D7-8D44-5F6D3D52B536}.Debug|Any CPU.Build.0 = Debug|Any CPU
		{D2740EDF-A526-48D7-8D44-5F6D3D52B536}.Debug|Any CPU.Deploy.0 = Debug|Any CPU
		{D2740EDF-A526-48D7-8D44-5F6D3D52B536}.Release|Any CPU.ActiveCfg = Release|Any CPU
		{D2740EDF-A526-48D7-8D44-5F6D3D52B536}.Release|Any CPU.Build.0 = Release|Any CPU
		{D2740EDF-A526-48D7-8D44-5F6D3D52B536}.Release|Any CPU.Deploy.0 = Release|Any CPU
		{3CFCB671-4E06-4352-89CA-6BEB78332980}.Debug|Any CPU.ActiveCfg = Debug|Any CPU
		{3CFCB671-4E06-4352-89CA-6BEB78332980}.Debug|Any CPU.Build.0 = Debug|Any CPU
		{3CFCB671-4E06-4352-89CA-6BEB78332980}.Debug|Any CPU.Deploy.0 = Debug|Any CPU
		{3CFCB671-4E06-4352-89CA-6BEB78332980}.Release|Any CPU.ActiveCfg = Release|Any CPU
		{3CFCB671-4E06-4352-89CA-6BEB78332980}.Release|Any CPU.Build.0 = Release|Any CPU
		{3CFCB671-4E06-4352-89CA-6BEB78332980}.Release|Any CPU.Deploy.0 = Release|Any CPU
		{57A54DCD-8783-416A-B0D6-5E1D6913891C}.Debug|Any CPU.ActiveCfg = Debug|Any CPU
		{57A54DCD-8783-416A-B0D6-5E1D6913891C}.Debug|Any CPU.Build.0 = Debug|Any CPU
		{57A54DCD-8783-416A-B0D6-5E1D6913891C}.Debug|Any CPU.Deploy.0 = Debug|Any CPU
		{57A54DCD-8783-416A-B0D6-5E1D6913891C}.Release|Any CPU.ActiveCfg = Release|Any CPU
		{57A54DCD-8783-416A-B0D6-5E1D6913891C}.Release|Any CPU.Build.0 = Release|Any CPU
		{57A54DCD-8783-416A-B0D6-5E1D6913891C}.Release|Any CPU.Deploy.0 = Release|Any CPU
		{5DBA44FB-54CA-4749-8E75-52FC1E945830}.Debug|Any CPU.ActiveCfg = Debug|Any CPU
		{5DBA44FB-54CA-4749-8E75-52FC1E945830}.Debug|Any CPU.Build.0 = Debug|Any CPU
		{5DBA44FB-54CA-4749-8E75-52FC1E945830}.Debug|Any CPU.Deploy.0 = Debug|Any CPU
		{5DBA44FB-54CA-4749-8E75-52FC1E945830}.Release|Any CPU.ActiveCfg = Release|Any CPU
		{5DBA44FB-54CA-4749-8E75-52FC1E945830}.Release|Any CPU.Build.0 = Release|Any CPU
		{5DBA44FB-54CA-4749-8E75-52FC1E945830}.Release|Any CPU.Deploy.0 = Release|Any CPU
		{1BC12E62-30FD-4B00-A392-8D35C684E2BB}.Debug|Any CPU.ActiveCfg = Debug|Any CPU
		{1BC12E62-30FD-4B00-A392-8D35C684E2BB}.Debug|Any CPU.Build.0 = Debug|Any CPU
		{1BC12E62-30FD-4B00-A392-8D35C684E2BB}.Debug|Any CPU.Deploy.0 = Debug|Any CPU
		{1BC12E62-30FD-4B00-A392-8D35C684E2BB}.Release|Any CPU.ActiveCfg = Release|Any CPU
		{1BC12E62-30FD-4B00-A392-8D35C684E2BB}.Release|Any CPU.Build.0 = Release|Any CPU
		{1BC12E62-30FD-4B00-A392-8D35C684E2BB}.Release|Any CPU.Deploy.0 = Release|Any CPU
		{BFDBAFF3-4B09-4620-A63F-848D87E52EBB}.Debug|Any CPU.ActiveCfg = Debug|Any CPU
		{BFDBAFF3-4B09-4620-A63F-848D87E52EBB}.Debug|Any CPU.Build.0 = Debug|Any CPU
		{BFDBAFF3-4B09-4620-A63F-848D87E52EBB}.Debug|Any CPU.Deploy.0 = Debug|Any CPU
		{BFDBAFF3-4B09-4620-A63F-848D87E52EBB}.Release|Any CPU.ActiveCfg = Release|Any CPU
		{BFDBAFF3-4B09-4620-A63F-848D87E52EBB}.Release|Any CPU.Build.0 = Release|Any CPU
		{BFDBAFF3-4B09-4620-A63F-848D87E52EBB}.Release|Any CPU.Deploy.0 = Release|Any CPU
		{57923539-3EFC-4F5C-A87F-F054CEE3389A}.Debug|Any CPU.ActiveCfg = Debug|Any CPU
		{57923539-3EFC-4F5C-A87F-F054CEE3389A}.Debug|Any CPU.Build.0 = Debug|Any CPU
		{57923539-3EFC-4F5C-A87F-F054CEE3389A}.Debug|Any CPU.Deploy.0 = Debug|Any CPU
		{57923539-3EFC-4F5C-A87F-F054CEE3389A}.Release|Any CPU.ActiveCfg = Release|Any CPU
		{57923539-3EFC-4F5C-A87F-F054CEE3389A}.Release|Any CPU.Build.0 = Release|Any CPU
		{57923539-3EFC-4F5C-A87F-F054CEE3389A}.Release|Any CPU.Deploy.0 = Release|Any CPU
		{5BCC971E-29CF-4D60-95A3-DDBBB1DE6EAC}.Debug|Any CPU.ActiveCfg = Debug|Any CPU
		{5BCC971E-29CF-4D60-95A3-DDBBB1DE6EAC}.Debug|Any CPU.Build.0 = Debug|Any CPU
		{5BCC971E-29CF-4D60-95A3-DDBBB1DE6EAC}.Debug|Any CPU.Deploy.0 = Debug|Any CPU
		{5BCC971E-29CF-4D60-95A3-DDBBB1DE6EAC}.Release|Any CPU.ActiveCfg = Release|Any CPU
		{5BCC971E-29CF-4D60-95A3-DDBBB1DE6EAC}.Release|Any CPU.Build.0 = Release|Any CPU
		{5BCC971E-29CF-4D60-95A3-DDBBB1DE6EAC}.Release|Any CPU.Deploy.0 = Release|Any CPU
		{C087127D-9D06-4645-A4D7-5D0A018D01D8}.Debug|Any CPU.ActiveCfg = Debug|Any CPU
		{C087127D-9D06-4645-A4D7-5D0A018D01D8}.Debug|Any CPU.Build.0 = Debug|Any CPU
		{C087127D-9D06-4645-A4D7-5D0A018D01D8}.Debug|Any CPU.Deploy.0 = Debug|Any CPU
		{C087127D-9D06-4645-A4D7-5D0A018D01D8}.Release|Any CPU.ActiveCfg = Release|Any CPU
		{C087127D-9D06-4645-A4D7-5D0A018D01D8}.Release|Any CPU.Build.0 = Release|Any CPU
		{C087127D-9D06-4645-A4D7-5D0A018D01D8}.Release|Any CPU.Deploy.0 = Release|Any CPU
	EndGlobalSection
	GlobalSection(SolutionProperties) = preSolution
		HideSolutionNode = FALSE
	EndGlobalSection
	GlobalSection(NestedProjects) = preSolution
		{A23D8873-CE95-439B-A5EC-5D5976C4D30D} = {1C99B5F3-8648-49CC-B3C6-881CCC226DB0}
		{8DF82449-573D-4CD2-A9C0-4210D30D1559} = {1C99B5F3-8648-49CC-B3C6-881CCC226DB0}
		{1B5CEBE1-D292-404C-98A1-8879D9FFC3D9} = {1C99B5F3-8648-49CC-B3C6-881CCC226DB0}
		{F1A8671C-D17B-450E-B600-43FFA9E1A2C7} = {441EF515-F0A9-4446-BCCC-77FC08A097B6}
		{D670A16C-1F21-4B9D-B38B-1B6969B467D9} = {1C99B5F3-8648-49CC-B3C6-881CCC226DB0}
		{F54B0C21-EB18-454A-AFA3-BB9D21DE991C} = {1C99B5F3-8648-49CC-B3C6-881CCC226DB0}
		{D2740EDF-A526-48D7-8D44-5F6D3D52B536} = {1C99B5F3-8648-49CC-B3C6-881CCC226DB0}
		{3CFCB671-4E06-4352-89CA-6BEB78332980} = {A9240A14-076D-445E-BE6C-BC628B1EE20D}
		{57A54DCD-8783-416A-B0D6-5E1D6913891C} = {50CA0BCD-C143-46EF-81E2-95DCB8392A85}
		{5DBA44FB-54CA-4749-8E75-52FC1E945830} = {50CA0BCD-C143-46EF-81E2-95DCB8392A85}
		{1BC12E62-30FD-4B00-A392-8D35C684E2BB} = {051AE0B3-8B2C-4A20-98C0-64D6D5A1678D}
		{BFDBAFF3-4B09-4620-A63F-848D87E52EBB} = {051AE0B3-8B2C-4A20-98C0-64D6D5A1678D}
		{57923539-3EFC-4F5C-A87F-F054CEE3389A} = {50CA0BCD-C143-46EF-81E2-95DCB8392A85}
		{5BCC971E-29CF-4D60-95A3-DDBBB1DE6EAC} = {50CA0BCD-C143-46EF-81E2-95DCB8392A85}
		{C087127D-9D06-4645-A4D7-5D0A018D01D8} = {1C99B5F3-8648-49CC-B3C6-881CCC226DB0}
	EndGlobalSection
	GlobalSection(ExtensibilityGlobals) = postSolution
		SolutionGuid = {CC2BD94A-22F9-4303-AE79-0B9C503563F9}
	EndGlobalSection
EndGlobal
